
Microsoft Visual Studio Solution File, Format Version 12.00
# Visual Studio Version 17
VisualStudioVersion = 17.6.33712.159
MinimumVisualStudioVersion = 10.0.40219.1
Project("{FAE04EC0-301F-11D3-BF4B-00C04F79EFBC}") = "POO.Parcial.Consola", "POO.Parcial.Consola\POO.Parcial.Consola.csproj", "{F30E5037-C725-4827-8A7B-22E75F1540BB}"
EndProject
Project("{FAE04EC0-301F-11D3-BF4B-00C04F79EFBC}") = "POO.Parcial.Entidades", "POO.Parcial.Entidades\POO.Parcial.Entidades.csproj", "{684C0D51-7CDF-407F-A79E-EDAEFDE88F25}"
EndProject
Global
	GlobalSection(SolutionConfigurationPlatforms) = preSolution
		Debug|Any CPU = Debug|Any CPU
		Release|Any CPU = Release|Any CPU
	EndGlobalSection
	GlobalSection(ProjectConfigurationPlatforms) = postSolution
		{F30E5037-C725-4827-8A7B-22E75F1540BB}.Debug|Any CPU.ActiveCfg = Debug|Any CPU
		{F30E5037-C725-4827-8A7B-22E75F1540BB}.Debug|Any CPU.Build.0 = Debug|Any CPU
		{F30E5037-C725-4827-8A7B-22E75F1540BB}.Release|Any CPU.ActiveCfg = Release|Any CPU
		{F30E5037-C725-4827-8A7B-22E75F1540BB}.Release|Any CPU.Build.0 = Release|Any CPU
		{684C0D51-7CDF-407F-A79E-EDAEFDE88F25}.Debug|Any CPU.ActiveCfg = Debug|Any CPU
		{684C0D51-7CDF-407F-A79E-EDAEFDE88F25}.Debug|Any CPU.Build.0 = Debug|Any CPU
		{684C0D51-7CDF-407F-A79E-EDAEFDE88F25}.Release|Any CPU.ActiveCfg = Release|Any CPU
		{684C0D51-7CDF-407F-A79E-EDAEFDE88F25}.Release|Any CPU.Build.0 = Release|Any CPU
	EndGlobalSection
	GlobalSection(SolutionProperties) = preSolution
		HideSolutionNode = FALSE
	EndGlobalSection
	GlobalSection(ExtensibilityGlobals) = postSolution
		SolutionGuid = {312CD8F5-B18B-4F34-B575-31CDE3724580}
	EndGlobalSection
EndGlobal
